
Microsoft Visual Studio Solution File, Format Version 12.00
# Visual Studio Version 17
VisualStudioVersion = 17.7.34031.279
MinimumVisualStudioVersion = 10.0.40219.1
Project("{FAE04EC0-301F-11D3-BF4B-00C04F79EFBC}") = "trabajo algoritmos", "trabajo algoritmos.csproj", "{ABAA6698-C9C1-43EA-9F98-070CDEAE1C75}"
EndProject
Global
	GlobalSection(SolutionConfigurationPlatforms) = preSolution
		Debug|Any CPU = Debug|Any CPU
		Release|Any CPU = Release|Any CPU
	EndGlobalSection
	GlobalSection(ProjectConfigurationPlatforms) = postSolution
		{ABAA6698-C9C1-43EA-9F98-070CDEAE1C75}.Debug|Any CPU.ActiveCfg = Debug|Any CPU
		{ABAA6698-C9C1-43EA-9F98-070CDEAE1C75}.Debug|Any CPU.Build.0 = Debug|Any CPU
		{ABAA6698-C9C1-43EA-9F98-070CDEAE1C75}.Release|Any CPU.ActiveCfg = Release|Any CPU
		{ABAA6698-C9C1-43EA-9F98-070CDEAE1C75}.Release|Any CPU.Build.0 = Release|Any CPU
	EndGlobalSection
	GlobalSection(SolutionProperties) = preSolution
		HideSolutionNode = FALSE
	EndGlobalSection
	GlobalSection(ExtensibilityGlobals) = postSolution
		SolutionGuid = {228AACC5-BD47-4E1D-86D8-B78EF297478D}
	EndGlobalSection
EndGlobal
